
Microsoft Visual Studio Solution File, Format Version 12.00
# Visual Studio 15
Project("{FAE04EC0-301F-11D3-BF4B-00C04F79EFBC}") = "lab8np", "lab8np\lab8np.csproj", "{DEF60E89-880F-4D65-9B91-9EB871C58943}"
EndProject
Global
	GlobalSection(SolutionConfigurationPlatforms) = preSolution
		Debug|Any CPU = Debug|Any CPU
		Release|Any CPU = Release|Any CPU
	EndGlobalSection
	GlobalSection(ProjectConfigurationPlatforms) = postSolution
		{DEF60E89-880F-4D65-9B91-9EB871C58943}.Debug|Any CPU.ActiveCfg = Debug|Any CPU
		{DEF60E89-880F-4D65-9B91-9EB871C58943}.Debug|Any CPU.Build.0 = Debug|Any CPU
		{DEF60E89-880F-4D65-9B91-9EB871C58943}.Release|Any CPU.ActiveCfg = Release|Any CPU
		{DEF60E89-880F-4D65-9B91-9EB871C58943}.Release|Any CPU.Build.0 = Release|Any CPU
	EndGlobalSection
EndGlobal
